// !$*UTF8*$!
{
	archiveVersion = 1;
	classes = {
	};
	objectVersion = 46;
	objects = {

/* Begin PBXBuildFile section */
		1848AB2A193C3C6300230296 /* TMPhotoQuiltViewCell.m in Sources */ = {isa = PBXBuildFile; fileRef = 1848AB29193C3C6300230296 /* TMPhotoQuiltViewCell.m */; settings = {COMPILER_FLAGS = "-fno-objc-arc"; }; };
		1848AB35193C3F7B00230296 /* 1.jpg in Resources */ = {isa = PBXBuildFile; fileRef = 1848AB2B193C3F7B00230296 /* 1.jpg */; };
		1848AB36193C3F7B00230296 /* 2.jpg in Resources */ = {isa = PBXBuildFile; fileRef = 1848AB2C193C3F7B00230296 /* 2.jpg */; };
		1848AB37193C3F7B00230296 /* 3.jpg in Resources */ = {isa = PBXBuildFile; fileRef = 1848AB2D193C3F7B00230296 /* 3.jpg */; };
		1848AB38193C3F7B00230296 /* 4.jpg in Resources */ = {isa = PBXBuildFile; fileRef = 1848AB2E193C3F7B00230296 /* 4.jpg */; };
		1848AB39193C3F7B00230296 /* 5.jpg in Resources */ = {isa = PBXBuildFile; fileRef = 1848AB2F193C3F7B00230296 /* 5.jpg */; };
		1848AB3A193C3F7B00230296 /* 6.jpg in Resources */ = {isa = PBXBuildFile; fileRef = 1848AB30193C3F7B00230296 /* 6.jpg */; };
		1848AB3B193C3F7B00230296 /* 7.jpg in Resources */ = {isa = PBXBuildFile; fileRef = 1848AB31193C3F7B00230296 /* 7.jpg */; };
		1848AB3C193C3F7B00230296 /* 8.jpg in Resources */ = {isa = PBXBuildFile; fileRef = 1848AB32193C3F7B00230296 /* 8.jpg */; };
		1848AB3D193C3F7B00230296 /* 9.jpg in Resources */ = {isa = PBXBuildFile; fileRef = 1848AB33193C3F7B00230296 /* 9.jpg */; };
		1848AB3E193C3F7B00230296 /* 10.jpg in Resources */ = {isa = PBXBuildFile; fileRef = 1848AB34193C3F7B00230296 /* 10.jpg */; };
		185A3309193708AE003EF917 /* MyTableViewController.m in Sources */ = {isa = PBXBuildFile; fileRef = 185A3308193708AE003EF917 /* MyTableViewController.m */; };
		185A330C19371179003EF917 /* MyTableViewCell.m in Sources */ = {isa = PBXBuildFile; fileRef = 185A330B19371179003EF917 /* MyTableViewCell.m */; };
		18A478D51934786D005C79B4 /* QuartzCore.framework in Frameworks */ = {isa = PBXBuildFile; fileRef = 18A478D41934786D005C79B4 /* QuartzCore.framework */; };
		18A597B919330C990068662E /* banner1.jpg in Resources */ = {isa = PBXBuildFile; fileRef = 18A597B419330C990068662E /* banner1.jpg */; };
		18A597BA19330C990068662E /* banner2.jpg in Resources */ = {isa = PBXBuildFile; fileRef = 18A597B519330C990068662E /* banner2.jpg */; };
		18A597BB19330C990068662E /* banner3.jpg in Resources */ = {isa = PBXBuildFile; fileRef = 18A597B619330C990068662E /* banner3.jpg */; };
		18A597BC19330C990068662E /* banner4.jpg in Resources */ = {isa = PBXBuildFile; fileRef = 18A597B719330C990068662E /* banner4.jpg */; };
		18A597BD19330C990068662E /* banner5.jpg in Resources */ = {isa = PBXBuildFile; fileRef = 18A597B819330C990068662E /* banner5.jpg */; };
		18A597C2193326C50068662E /* UIScrollView+TouchEvent.m in Sources */ = {isa = PBXBuildFile; fileRef = 18A597C0193326C50068662E /* UIScrollView+TouchEvent.m */; };
		18A597C5193327230068662E /* TickerViewController.m in Sources */ = {isa = PBXBuildFile; fileRef = 18A597C4193327230068662E /* TickerViewController.m */; };
		18A597C81933279F0068662E /* TickerView.m in Sources */ = {isa = PBXBuildFile; fileRef = 18A597C71933279F0068662E /* TickerView.m */; };
		18A76208192F0F9E005DBA11 /* Foundation.framework in Frameworks */ = {isa = PBXBuildFile; fileRef = 18A76207192F0F9E005DBA11 /* Foundation.framework */; };
		18A7620A192F0F9E005DBA11 /* CoreGraphics.framework in Frameworks */ = {isa = PBXBuildFile; fileRef = 18A76209192F0F9E005DBA11 /* CoreGraphics.framework */; };
		18A7620C192F0F9E005DBA11 /* UIKit.framework in Frameworks */ = {isa = PBXBuildFile; fileRef = 18A7620B192F0F9E005DBA11 /* UIKit.framework */; };
		18A76212192F0F9E005DBA11 /* InfoPlist.strings in Resources */ = {isa = PBXBuildFile; fileRef = 18A76210192F0F9E005DBA11 /* InfoPlist.strings */; };
		18A76214192F0F9E005DBA11 /* main.m in Sources */ = {isa = PBXBuildFile; fileRef = 18A76213192F0F9E005DBA11 /* main.m */; };
		18A76218192F0F9E005DBA11 /* MySamplesAppDelegate.m in Sources */ = {isa = PBXBuildFile; fileRef = 18A76217192F0F9E005DBA11 /* MySamplesAppDelegate.m */; };
		18A7621B192F0F9E005DBA11 /* Main_iPhone.storyboard in Resources */ = {isa = PBXBuildFile; fileRef = 18A76219192F0F9E005DBA11 /* Main_iPhone.storyboard */; };
		18A7621E192F0F9E005DBA11 /* Main_iPad.storyboard in Resources */ = {isa = PBXBuildFile; fileRef = 18A7621C192F0F9E005DBA11 /* Main_iPad.storyboard */; };
		18A76221192F0F9E005DBA11 /* MySamplesMasterViewController.m in Sources */ = {isa = PBXBuildFile; fileRef = 18A76220192F0F9E005DBA11 /* MySamplesMasterViewController.m */; };
		18A76226192F0F9E005DBA11 /* Images.xcassets in Resources */ = {isa = PBXBuildFile; fileRef = 18A76225192F0F9E005DBA11 /* Images.xcassets */; };
		18A7622D192F0F9E005DBA11 /* XCTest.framework in Frameworks */ = {isa = PBXBuildFile; fileRef = 18A7622C192F0F9E005DBA11 /* XCTest.framework */; };
		18A7622E192F0F9E005DBA11 /* Foundation.framework in Frameworks */ = {isa = PBXBuildFile; fileRef = 18A76207192F0F9E005DBA11 /* Foundation.framework */; };
		18A7622F192F0F9E005DBA11 /* UIKit.framework in Frameworks */ = {isa = PBXBuildFile; fileRef = 18A7620B192F0F9E005DBA11 /* UIKit.framework */; };
		18A76237192F0F9E005DBA11 /* InfoPlist.strings in Resources */ = {isa = PBXBuildFile; fileRef = 18A76235192F0F9E005DBA11 /* InfoPlist.strings */; };
		18A76239192F0F9E005DBA11 /* MySamplesTests.m in Sources */ = {isa = PBXBuildFile; fileRef = 18A76238192F0F9E005DBA11 /* MySamplesTests.m */; };
		18A7624B192F15F8005DBA11 /* ImageScrollViewController.m in Sources */ = {isa = PBXBuildFile; fileRef = 18A7624A192F15F8005DBA11 /* ImageScrollViewController.m */; };
		18A7624E192F17B4005DBA11 /* ImageScrollView.m in Sources */ = {isa = PBXBuildFile; fileRef = 18A7624D192F17B4005DBA11 /* ImageScrollView.m */; };
		18AA434A193C344D009A7FC6 /* TMQuiltView.m in Sources */ = {isa = PBXBuildFile; fileRef = 18AA4345193C344D009A7FC6 /* TMQuiltView.m */; settings = {COMPILER_FLAGS = "-fno-objc-arc"; }; };
		18AA434B193C344D009A7FC6 /* TMQuiltViewCell.m in Sources */ = {isa = PBXBuildFile; fileRef = 18AA4347193C344D009A7FC6 /* TMQuiltViewCell.m */; settings = {COMPILER_FLAGS = "-fno-objc-arc"; }; };
		18AA434C193C344D009A7FC6 /* TMQuiltViewController.m in Sources */ = {isa = PBXBuildFile; fileRef = 18AA4349193C344D009A7FC6 /* TMQuiltViewController.m */; settings = {COMPILER_FLAGS = "-fno-objc-arc"; }; };
		18AA4350193C36A1009A7FC6 /* WaterFlowViewController.m in Sources */ = {isa = PBXBuildFile; fileRef = 18AA434F193C36A1009A7FC6 /* WaterFlowViewController.m */; };
		18AEDFA7193847AF0081640E /* ImageIO.framework in Frameworks */ = {isa = PBXBuildFile; fileRef = 18AEDFA6193847AF0081640E /* ImageIO.framework */; };
		18BF3B421935EAAA001AB8CF /* Utilities.m in Sources */ = {isa = PBXBuildFile; fileRef = 18BF3B411935EAAA001AB8CF /* Utilities.m */; };
		54312BA2C1444EC4BC88E552 /* libPods.a in Frameworks */ = {isa = PBXBuildFile; fileRef = 442F78A4E1544F129EFF3994 /* libPods.a */; };
/* End PBXBuildFile section */

/* Begin PBXContainerItemProxy section */
		18A76230192F0F9E005DBA11 /* PBXContainerItemProxy */ = {
			isa = PBXContainerItemProxy;
			containerPortal = 18A761FC192F0F9E005DBA11 /* Project object */;
			proxyType = 1;
			remoteGlobalIDString = 18A76203192F0F9E005DBA11;
			remoteInfo = MySamples;
		};
/* End PBXContainerItemProxy section */

/* Begin PBXFileReference section */
		1848AB28193C3C6300230296 /* TMPhotoQuiltViewCell.h */ = {isa = PBXFileReference; fileEncoding = 4; lastKnownFileType = sourcecode.c.h; path = TMPhotoQuiltViewCell.h; sourceTree = "<group>"; };
		1848AB29193C3C6300230296 /* TMPhotoQuiltViewCell.m */ = {isa = PBXFileReference; fileEncoding = 4; lastKnownFileType = sourcecode.c.objc; path = TMPhotoQuiltViewCell.m; sourceTree = "<group>"; };
		1848AB2B193C3F7B00230296 /* 1.jpg */ = {isa = PBXFileReference; lastKnownFileType = image.jpeg; path = 1.jpg; sourceTree = "<group>"; };
		1848AB2C193C3F7B00230296 /* 2.jpg */ = {isa = PBXFileReference; lastKnownFileType = image.jpeg; path = 2.jpg; sourceTree = "<group>"; };
		1848AB2D193C3F7B00230296 /* 3.jpg */ = {isa = PBXFileReference; lastKnownFileType = image.jpeg; path = 3.jpg; sourceTree = "<group>"; };
		1848AB2E193C3F7B00230296 /* 4.jpg */ = {isa = PBXFileReference; lastKnownFileType = image.jpeg; path = 4.jpg; sourceTree = "<group>"; };
		1848AB2F193C3F7B00230296 /* 5.jpg */ = {isa = PBXFileReference; lastKnownFileType = image.jpeg; path = 5.jpg; sourceTree = "<group>"; };
		1848AB30193C3F7B00230296 /* 6.jpg */ = {isa = PBXFileReference; lastKnownFileType = image.jpeg; path = 6.jpg; sourceTree = "<group>"; };
		1848AB31193C3F7B00230296 /* 7.jpg */ = {isa = PBXFileReference; lastKnownFileType = image.jpeg; path = 7.jpg; sourceTree = "<group>"; };
		1848AB32193C3F7B00230296 /* 8.jpg */ = {isa = PBXFileReference; lastKnownFileType = image.jpeg; path = 8.jpg; sourceTree = "<group>"; };
		1848AB33193C3F7B00230296 /* 9.jpg */ = {isa = PBXFileReference; lastKnownFileType = image.jpeg; path = 9.jpg; sourceTree = "<group>"; };
		1848AB34193C3F7B00230296 /* 10.jpg */ = {isa = PBXFileReference; lastKnownFileType = image.jpeg; path = 10.jpg; sourceTree = "<group>"; };
		185A3307193708AE003EF917 /* MyTableViewController.h */ = {isa = PBXFileReference; fileEncoding = 4; lastKnownFileType = sourcecode.c.h; path = MyTableViewController.h; sourceTree = "<group>"; };
		185A3308193708AE003EF917 /* MyTableViewController.m */ = {isa = PBXFileReference; fileEncoding = 4; lastKnownFileType = sourcecode.c.objc; path = MyTableViewController.m; sourceTree = "<group>"; };
		185A330A19371179003EF917 /* MyTableViewCell.h */ = {isa = PBXFileReference; fileEncoding = 4; lastKnownFileType = sourcecode.c.h; path = MyTableViewCell.h; sourceTree = "<group>"; };
		185A330B19371179003EF917 /* MyTableViewCell.m */ = {isa = PBXFileReference; fileEncoding = 4; lastKnownFileType = sourcecode.c.objc; path = MyTableViewCell.m; sourceTree = "<group>"; };
		18A478D41934786D005C79B4 /* QuartzCore.framework */ = {isa = PBXFileReference; lastKnownFileType = wrapper.framework; name = QuartzCore.framework; path = System/Library/Frameworks/QuartzCore.framework; sourceTree = SDKROOT; };
		18A597B419330C990068662E /* banner1.jpg */ = {isa = PBXFileReference; lastKnownFileType = image.jpeg; path = banner1.jpg; sourceTree = "<group>"; };
		18A597B519330C990068662E /* banner2.jpg */ = {isa = PBXFileReference; lastKnownFileType = image.jpeg; path = banner2.jpg; sourceTree = "<group>"; };
		18A597B619330C990068662E /* banner3.jpg */ = {isa = PBXFileReference; lastKnownFileType = image.jpeg; path = banner3.jpg; sourceTree = "<group>"; };
		18A597B719330C990068662E /* banner4.jpg */ = {isa = PBXFileReference; lastKnownFileType = image.jpeg; path = banner4.jpg; sourceTree = "<group>"; };
		18A597B819330C990068662E /* banner5.jpg */ = {isa = PBXFileReference; lastKnownFileType = image.jpeg; path = banner5.jpg; sourceTree = "<group>"; };
		18A597BF193326C50068662E /* UIScrollView+TouchEvent.h */ = {isa = PBXFileReference; fileEncoding = 4; lastKnownFileType = sourcecode.c.h; path = "UIScrollView+TouchEvent.h"; sourceTree = "<group>"; };
		18A597C0193326C50068662E /* UIScrollView+TouchEvent.m */ = {isa = PBXFileReference; fileEncoding = 4; lastKnownFileType = sourcecode.c.objc; path = "UIScrollView+TouchEvent.m"; sourceTree = "<group>"; };
		18A597C3193327230068662E /* TickerViewController.h */ = {isa = PBXFileReference; fileEncoding = 4; lastKnownFileType = sourcecode.c.h; path = TickerViewController.h; sourceTree = "<group>"; };
		18A597C4193327230068662E /* TickerViewController.m */ = {isa = PBXFileReference; fileEncoding = 4; lastKnownFileType = sourcecode.c.objc; path = TickerViewController.m; sourceTree = "<group>"; };
		18A597C61933279F0068662E /* TickerView.h */ = {isa = PBXFileReference; fileEncoding = 4; lastKnownFileType = sourcecode.c.h; path = TickerView.h; sourceTree = "<group>"; };
		18A597C71933279F0068662E /* TickerView.m */ = {isa = PBXFileReference; fileEncoding = 4; lastKnownFileType = sourcecode.c.objc; path = TickerView.m; sourceTree = "<group>"; };
		18A76204192F0F9E005DBA11 /* MySamples.app */ = {isa = PBXFileReference; explicitFileType = wrapper.application; includeInIndex = 0; path = MySamples.app; sourceTree = BUILT_PRODUCTS_DIR; };
		18A76207192F0F9E005DBA11 /* Foundation.framework */ = {isa = PBXFileReference; lastKnownFileType = wrapper.framework; name = Foundation.framework; path = System/Library/Frameworks/Foundation.framework; sourceTree = SDKROOT; };
		18A76209192F0F9E005DBA11 /* CoreGraphics.framework */ = {isa = PBXFileReference; lastKnownFileType = wrapper.framework; name = CoreGraphics.framework; path = System/Library/Frameworks/CoreGraphics.framework; sourceTree = SDKROOT; };
		18A7620B192F0F9E005DBA11 /* UIKit.framework */ = {isa = PBXFileReference; lastKnownFileType = wrapper.framework; name = UIKit.framework; path = System/Library/Frameworks/UIKit.framework; sourceTree = SDKROOT; };
		18A7620F192F0F9E005DBA11 /* MySamples-Info.plist */ = {isa = PBXFileReference; lastKnownFileType = text.plist.xml; path = "MySamples-Info.plist"; sourceTree = "<group>"; };
		18A76211192F0F9E005DBA11 /* en */ = {isa = PBXFileReference; lastKnownFileType = text.plist.strings; name = en; path = en.lproj/InfoPlist.strings; sourceTree = "<group>"; };
		18A76213192F0F9E005DBA11 /* main.m */ = {isa = PBXFileReference; lastKnownFileType = sourcecode.c.objc; path = main.m; sourceTree = "<group>"; };
		18A76215192F0F9E005DBA11 /* MySamples-Prefix.pch */ = {isa = PBXFileReference; lastKnownFileType = sourcecode.c.h; path = "MySamples-Prefix.pch"; sourceTree = "<group>"; };
		18A76216192F0F9E005DBA11 /* MySamplesAppDelegate.h */ = {isa = PBXFileReference; lastKnownFileType = sourcecode.c.h; path = MySamplesAppDelegate.h; sourceTree = "<group>"; };
		18A76217192F0F9E005DBA11 /* MySamplesAppDelegate.m */ = {isa = PBXFileReference; lastKnownFileType = sourcecode.c.objc; path = MySamplesAppDelegate.m; sourceTree = "<group>"; };
		18A7621A192F0F9E005DBA11 /* Base */ = {isa = PBXFileReference; lastKnownFileType = file.storyboard; name = Base; path = Base.lproj/Main_iPhone.storyboard; sourceTree = "<group>"; };
		18A7621D192F0F9E005DBA11 /* Base */ = {isa = PBXFileReference; lastKnownFileType = file.storyboard; name = Base; path = Base.lproj/Main_iPad.storyboard; sourceTree = "<group>"; };
		18A7621F192F0F9E005DBA11 /* MySamplesMasterViewController.h */ = {isa = PBXFileReference; lastKnownFileType = sourcecode.c.h; path = MySamplesMasterViewController.h; sourceTree = "<group>"; };
		18A76220192F0F9E005DBA11 /* MySamplesMasterViewController.m */ = {isa = PBXFileReference; lastKnownFileType = sourcecode.c.objc; path = MySamplesMasterViewController.m; sourceTree = "<group>"; };
		18A76225192F0F9E005DBA11 /* Images.xcassets */ = {isa = PBXFileReference; lastKnownFileType = folder.assetcatalog; path = Images.xcassets; sourceTree = "<group>"; };
		18A7622B192F0F9E005DBA11 /* MySamplesTests.xctest */ = {isa = PBXFileReference; explicitFileType = wrapper.cfbundle; includeInIndex = 0; path = MySamplesTests.xctest; sourceTree = BUILT_PRODUCTS_DIR; };
		18A7622C192F0F9E005DBA11 /* XCTest.framework */ = {isa = PBXFileReference; lastKnownFileType = wrapper.framework; name = XCTest.framework; path = Library/Frameworks/XCTest.framework; sourceTree = DEVELOPER_DIR; };
		18A76234192F0F9E005DBA11 /* MySamplesTests-Info.plist */ = {isa = PBXFileReference; lastKnownFileType = text.plist.xml; path = "MySamplesTests-Info.plist"; sourceTree = "<group>"; };
		18A76236192F0F9E005DBA11 /* en */ = {isa = PBXFileReference; lastKnownFileType = text.plist.strings; name = en; path = en.lproj/InfoPlist.strings; sourceTree = "<group>"; };
		18A76238192F0F9E005DBA11 /* MySamplesTests.m */ = {isa = PBXFileReference; lastKnownFileType = sourcecode.c.objc; path = MySamplesTests.m; sourceTree = "<group>"; };
		18A76249192F15F8005DBA11 /* ImageScrollViewController.h */ = {isa = PBXFileReference; fileEncoding = 4; lastKnownFileType = sourcecode.c.h; path = ImageScrollViewController.h; sourceTree = "<group>"; };
		18A7624A192F15F8005DBA11 /* ImageScrollViewController.m */ = {isa = PBXFileReference; fileEncoding = 4; lastKnownFileType = sourcecode.c.objc; path = ImageScrollViewController.m; sourceTree = "<group>"; };
		18A7624C192F17B4005DBA11 /* ImageScrollView.h */ = {isa = PBXFileReference; fileEncoding = 4; lastKnownFileType = sourcecode.c.h; path = ImageScrollView.h; sourceTree = "<group>"; };
		18A7624D192F17B4005DBA11 /* ImageScrollView.m */ = {isa = PBXFileReference; fileEncoding = 4; lastKnownFileType = sourcecode.c.objc; path = ImageScrollView.m; sourceTree = "<group>"; };
		18AA4343193C344D009A7FC6 /* TMQuiltView-Prefix.pch */ = {isa = PBXFileReference; fileEncoding = 4; lastKnownFileType = sourcecode.c.h; path = "TMQuiltView-Prefix.pch"; sourceTree = "<group>"; };
		18AA4344193C344D009A7FC6 /* TMQuiltView.h */ = {isa = PBXFileReference; fileEncoding = 4; lastKnownFileType = sourcecode.c.h; path = TMQuiltView.h; sourceTree = "<group>"; };
		18AA4345193C344D009A7FC6 /* TMQuiltView.m */ = {isa = PBXFileReference; fileEncoding = 4; lastKnownFileType = sourcecode.c.objc; path = TMQuiltView.m; sourceTree = "<group>"; };
		18AA4346193C344D009A7FC6 /* TMQuiltViewCell.h */ = {isa = PBXFileReference; fileEncoding = 4; lastKnownFileType = sourcecode.c.h; path = TMQuiltViewCell.h; sourceTree = "<group>"; };
		18AA4347193C344D009A7FC6 /* TMQuiltViewCell.m */ = {isa = PBXFileReference; fileEncoding = 4; lastKnownFileType = sourcecode.c.objc; path = TMQuiltViewCell.m; sourceTree = "<group>"; };
		18AA4348193C344D009A7FC6 /* TMQuiltViewController.h */ = {isa = PBXFileReference; fileEncoding = 4; lastKnownFileType = sourcecode.c.h; path = TMQuiltViewController.h; sourceTree = "<group>"; };
		18AA4349193C344D009A7FC6 /* TMQuiltViewController.m */ = {isa = PBXFileReference; fileEncoding = 4; lastKnownFileType = sourcecode.c.objc; path = TMQuiltViewController.m; sourceTree = "<group>"; };
		18AA434E193C36A1009A7FC6 /* WaterFlowViewController.h */ = {isa = PBXFileReference; fileEncoding = 4; lastKnownFileType = sourcecode.c.h; path = WaterFlowViewController.h; sourceTree = "<group>"; };
		18AA434F193C36A1009A7FC6 /* WaterFlowViewController.m */ = {isa = PBXFileReference; fileEncoding = 4; lastKnownFileType = sourcecode.c.objc; path = WaterFlowViewController.m; sourceTree = "<group>"; };
		18AEDFA6193847AF0081640E /* ImageIO.framework */ = {isa = PBXFileReference; lastKnownFileType = wrapper.framework; name = ImageIO.framework; path = System/Library/Frameworks/ImageIO.framework; sourceTree = SDKROOT; };
		18BF3B401935EAAA001AB8CF /* Utilities.h */ = {isa = PBXFileReference; fileEncoding = 4; lastKnownFileType = sourcecode.c.h; path = Utilities.h; sourceTree = "<group>"; };
		18BF3B411935EAAA001AB8CF /* Utilities.m */ = {isa = PBXFileReference; fileEncoding = 4; lastKnownFileType = sourcecode.c.objc; path = Utilities.m; sourceTree = "<group>"; };
		442F78A4E1544F129EFF3994 /* libPods.a */ = {isa = PBXFileReference; explicitFileType = archive.ar; includeInIndex = 0; path = libPods.a; sourceTree = BUILT_PRODUCTS_DIR; };
		48B9D486AFCA429E8A70E6C3 /* Pods.xcconfig */ = {isa = PBXFileReference; includeInIndex = 1; lastKnownFileType = text.xcconfig; name = Pods.xcconfig; path = Pods/Pods.xcconfig; sourceTree = "<group>"; };
/* End PBXFileReference section */

/* Begin PBXFrameworksBuildPhase section */
		18A76201192F0F9E005DBA11 /* Frameworks */ = {
			isa = PBXFrameworksBuildPhase;
			buildActionMask = 2147483647;
			files = (
				18AEDFA7193847AF0081640E /* ImageIO.framework in Frameworks */,
				18A478D51934786D005C79B4 /* QuartzCore.framework in Frameworks */,
				18A7620A192F0F9E005DBA11 /* CoreGraphics.framework in Frameworks */,
				18A7620C192F0F9E005DBA11 /* UIKit.framework in Frameworks */,
				18A76208192F0F9E005DBA11 /* Foundation.framework in Frameworks */,
				54312BA2C1444EC4BC88E552 /* libPods.a in Frameworks */,
			);
			runOnlyForDeploymentPostprocessing = 0;
		};
		18A76228192F0F9E005DBA11 /* Frameworks */ = {
			isa = PBXFrameworksBuildPhase;
			buildActionMask = 2147483647;
			files = (
				18A7622D192F0F9E005DBA11 /* XCTest.framework in Frameworks */,
				18A7622F192F0F9E005DBA11 /* UIKit.framework in Frameworks */,
				18A7622E192F0F9E005DBA11 /* Foundation.framework in Frameworks */,
			);
			runOnlyForDeploymentPostprocessing = 0;
		};
/* End PBXFrameworksBuildPhase section */

/* Begin PBXGroup section */
		1848AB27193C3C5600230296 /* TMQuiltViewCell */ = {
			isa = PBXGroup;
			children = (
				1848AB28193C3C6300230296 /* TMPhotoQuiltViewCell.h */,
				1848AB29193C3C6300230296 /* TMPhotoQuiltViewCell.m */,
			);
			path = TMQuiltViewCell;
			sourceTree = "<group>";
		};
		185A330619370878003EF917 /* MyTableView */ = {
			isa = PBXGroup;
			children = (
				185A3307193708AE003EF917 /* MyTableViewController.h */,
				185A3308193708AE003EF917 /* MyTableViewController.m */,
				185A330A19371179003EF917 /* MyTableViewCell.h */,
				185A330B19371179003EF917 /* MyTableViewCell.m */,
			);
			name = MyTableView;
			path = Samples/MyTableView;
			sourceTree = "<group>";
		};
		18A597B319330C990068662E /* Images */ = {
			isa = PBXGroup;
			children = (
				1848AB2B193C3F7B00230296 /* 1.jpg */,
				1848AB2C193C3F7B00230296 /* 2.jpg */,
				1848AB2D193C3F7B00230296 /* 3.jpg */,
				1848AB2E193C3F7B00230296 /* 4.jpg */,
				1848AB2F193C3F7B00230296 /* 5.jpg */,
				1848AB30193C3F7B00230296 /* 6.jpg */,
				1848AB31193C3F7B00230296 /* 7.jpg */,
				1848AB32193C3F7B00230296 /* 8.jpg */,
				1848AB33193C3F7B00230296 /* 9.jpg */,
				1848AB34193C3F7B00230296 /* 10.jpg */,
				18A597B419330C990068662E /* banner1.jpg */,
				18A597B519330C990068662E /* banner2.jpg */,
				18A597B619330C990068662E /* banner3.jpg */,
				18A597B719330C990068662E /* banner4.jpg */,
				18A597B819330C990068662E /* banner5.jpg */,
			);
			path = Images;
			sourceTree = "<group>";
		};
		18A597BE193326C50068662E /* common */ = {
			isa = PBXGroup;
			children = (
				18A597BF193326C50068662E /* UIScrollView+TouchEvent.h */,
				18A597C0193326C50068662E /* UIScrollView+TouchEvent.m */,
				18BF3B401935EAAA001AB8CF /* Utilities.h */,
				18BF3B411935EAAA001AB8CF /* Utilities.m */,
			);
			name = common;
			path = Samples/common;
			sourceTree = "<group>";
		};
		18A597C1193326C50068662E /* TickerView */ = {
			isa = PBXGroup;
			children = (
				18A597C3193327230068662E /* TickerViewController.h */,
				18A597C4193327230068662E /* TickerViewController.m */,
				18A597C61933279F0068662E /* TickerView.h */,
				18A597C71933279F0068662E /* TickerView.m */,
			);
			name = TickerView;
			path = Samples/TickerView;
			sourceTree = "<group>";
		};
		18A761FB192F0F9E005DBA11 = {
			isa = PBXGroup;
			children = (
				18A7620D192F0F9E005DBA11 /* MySamples */,
				18A76232192F0F9E005DBA11 /* MySamplesTests */,
				18A76206192F0F9E005DBA11 /* Frameworks */,
				18A76205192F0F9E005DBA11 /* Products */,
				48B9D486AFCA429E8A70E6C3 /* Pods.xcconfig */,
			);
			sourceTree = "<group>";
		};
		18A76205192F0F9E005DBA11 /* Products */ = {
			isa = PBXGroup;
			children = (
				18A76204192F0F9E005DBA11 /* MySamples.app */,
				18A7622B192F0F9E005DBA11 /* MySamplesTests.xctest */,
			);
			name = Products;
			sourceTree = "<group>";
		};
		18A76206192F0F9E005DBA11 /* Frameworks */ = {
			isa = PBXGroup;
			children = (
				18AEDFA6193847AF0081640E /* ImageIO.framework */,
				18A478D41934786D005C79B4 /* QuartzCore.framework */,
				18A76207192F0F9E005DBA11 /* Foundation.framework */,
				18A76209192F0F9E005DBA11 /* CoreGraphics.framework */,
				18A7620B192F0F9E005DBA11 /* UIKit.framework */,
				18A7622C192F0F9E005DBA11 /* XCTest.framework */,
				442F78A4E1544F129EFF3994 /* libPods.a */,
			);
			name = Frameworks;
			sourceTree = "<group>";
		};
		18A7620D192F0F9E005DBA11 /* MySamples */ = {
			isa = PBXGroup;
			children = (
				18A76216192F0F9E005DBA11 /* MySamplesAppDelegate.h */,
				18A76217192F0F9E005DBA11 /* MySamplesAppDelegate.m */,
				18A76219192F0F9E005DBA11 /* Main_iPhone.storyboard */,
				18A7621C192F0F9E005DBA11 /* Main_iPad.storyboard */,
				18A7621F192F0F9E005DBA11 /* MySamplesMasterViewController.h */,
				18A76220192F0F9E005DBA11 /* MySamplesMasterViewController.m */,
				18A76242192F1129005DBA11 /* Samples */,
				18A76225192F0F9E005DBA11 /* Images.xcassets */,
				18AEDFA51938439A0081640E /* libs */,
				18A7620E192F0F9E005DBA11 /* Supporting Files */,
			);
			path = MySamples;
			sourceTree = "<group>";
		};
		18A7620E192F0F9E005DBA11 /* Supporting Files */ = {
			isa = PBXGroup;
			children = (
				18A7620F192F0F9E005DBA11 /* MySamples-Info.plist */,
				18A76210192F0F9E005DBA11 /* InfoPlist.strings */,
				18A76213192F0F9E005DBA11 /* main.m */,
				18A76215192F0F9E005DBA11 /* MySamples-Prefix.pch */,
			);
			name = "Supporting Files";
			sourceTree = "<group>";
		};
		18A76232192F0F9E005DBA11 /* MySamplesTests */ = {
			isa = PBXGroup;
			children = (
				18A76238192F0F9E005DBA11 /* MySamplesTests.m */,
				18A76233192F0F9E005DBA11 /* Supporting Files */,
			);
			path = MySamplesTests;
			sourceTree = "<group>";
		};
		18A76233192F0F9E005DBA11 /* Supporting Files */ = {
			isa = PBXGroup;
			children = (
				18A76234192F0F9E005DBA11 /* MySamplesTests-Info.plist */,
				18A76235192F0F9E005DBA11 /* InfoPlist.strings */,
			);
			name = "Supporting Files";
			sourceTree = "<group>";
		};
		18A76242192F1129005DBA11 /* Samples */ = {
			isa = PBXGroup;
			children = (
				18A597BE193326C50068662E /* common */,
				18AA434D193C367C009A7FC6 /* WaterFlowView */,
				185A330619370878003EF917 /* MyTableView */,
				18A597C1193326C50068662E /* TickerView */,
				18A76248192F15F8005DBA11 /* ImageScroll */,
				18A597B319330C990068662E /* Images */,
			);
			name = Samples;
			sourceTree = "<group>";
		};
		18A76248192F15F8005DBA11 /* ImageScroll */ = {
			isa = PBXGroup;
			children = (
				18A76249192F15F8005DBA11 /* ImageScrollViewController.h */,
				18A7624A192F15F8005DBA11 /* ImageScrollViewController.m */,
				18A7624C192F17B4005DBA11 /* ImageScrollView.h */,
				18A7624D192F17B4005DBA11 /* ImageScrollView.m */,
			);
			name = ImageScroll;
			path = Samples/ImageScroll;
			sourceTree = "<group>";
		};
		18AA4342193C344D009A7FC6 /* TMQuiltView */ = {
			isa = PBXGroup;
			children = (
				18AA4343193C344D009A7FC6 /* TMQuiltView-Prefix.pch */,
				18AA4344193C344D009A7FC6 /* TMQuiltView.h */,
				18AA4345193C344D009A7FC6 /* TMQuiltView.m */,
				18AA4346193C344D009A7FC6 /* TMQuiltViewCell.h */,
				18AA4347193C344D009A7FC6 /* TMQuiltViewCell.m */,
				18AA4348193C344D009A7FC6 /* TMQuiltViewController.h */,
				18AA4349193C344D009A7FC6 /* TMQuiltViewController.m */,
			);
			path = TMQuiltView;
			sourceTree = "<group>";
		};
		18AA434D193C367C009A7FC6 /* WaterFlowView */ = {
			isa = PBXGroup;
			children = (
				18AA434E193C36A1009A7FC6 /* WaterFlowViewController.h */,
				18AA434F193C36A1009A7FC6 /* WaterFlowViewController.m */,
			);
			name = WaterFlowView;
			path = Samples/WaterFlowView;
			sourceTree = "<group>";
		};
		18AEDFA51938439A0081640E /* libs */ = {
			isa = PBXGroup;
			children = (
				1848AB27193C3C5600230296 /* TMQuiltViewCell */,
				18AA4342193C344D009A7FC6 /* TMQuiltView */,
			);
			path = libs;
			sourceTree = "<group>";
		};
/* End PBXGroup section */

/* Begin PBXNativeTarget section */
		18A76203192F0F9E005DBA11 /* MySamples */ = {
			isa = PBXNativeTarget;
			buildConfigurationList = 18A7623C192F0F9E005DBA11 /* Build configuration list for PBXNativeTarget "MySamples" */;
			buildPhases = (
				3FDD7E12BB874649A8340687 /* Check Pods Manifest.lock */,
				18A76200192F0F9E005DBA11 /* Sources */,
				18A76201192F0F9E005DBA11 /* Frameworks */,
				18A76202192F0F9E005DBA11 /* Resources */,
				E5CCD9C7BB7D434786BFB7F8 /* Copy Pods Resources */,
			);
			buildRules = (
			);
			dependencies = (
			);
			name = MySamples;
			productName = MySamples;
			productReference = 18A76204192F0F9E005DBA11 /* MySamples.app */;
			productType = "com.apple.product-type.application";
		};
		18A7622A192F0F9E005DBA11 /* MySamplesTests */ = {
			isa = PBXNativeTarget;
			buildConfigurationList = 18A7623F192F0F9E005DBA11 /* Build configuration list for PBXNativeTarget "MySamplesTests" */;
			buildPhases = (
				18A76227192F0F9E005DBA11 /* Sources */,
				18A76228192F0F9E005DBA11 /* Frameworks */,
				18A76229192F0F9E005DBA11 /* Resources */,
			);
			buildRules = (
			);
			dependencies = (
				18A76231192F0F9E005DBA11 /* PBXTargetDependency */,
			);
			name = MySamplesTests;
			productName = MySamplesTests;
			productReference = 18A7622B192F0F9E005DBA11 /* MySamplesTests.xctest */;
			productType = "com.apple.product-type.bundle.unit-test";
		};
/* End PBXNativeTarget section */

/* Begin PBXProject section */
		18A761FC192F0F9E005DBA11 /* Project object */ = {
			isa = PBXProject;
			attributes = {
				CLASSPREFIX = MySamples;
				LastUpgradeCheck = 0510;
				ORGANIZATIONNAME = "___FULLUSERNAME___";
				TargetAttributes = {
					18A7622A192F0F9E005DBA11 = {
						TestTargetID = 18A76203192F0F9E005DBA11;
					};
				};
			};
			buildConfigurationList = 18A761FF192F0F9E005DBA11 /* Build configuration list for PBXProject "MySamples" */;
			compatibilityVersion = "Xcode 3.2";
			developmentRegion = English;
			hasScannedForEncodings = 0;
			knownRegions = (
				en,
				Base,
			);
			mainGroup = 18A761FB192F0F9E005DBA11;
			productRefGroup = 18A76205192F0F9E005DBA11 /* Products */;
			projectDirPath = "";
			projectRoot = "";
			targets = (
				18A76203192F0F9E005DBA11 /* MySamples */,
				18A7622A192F0F9E005DBA11 /* MySamplesTests */,
			);
		};
/* End PBXProject section */

/* Begin PBXResourcesBuildPhase section */
		18A76202192F0F9E005DBA11 /* Resources */ = {
			isa = PBXResourcesBuildPhase;
			buildActionMask = 2147483647;
			files = (
				1848AB36193C3F7B00230296 /* 2.jpg in Resources */,
				18A7621E192F0F9E005DBA11 /* Main_iPad.storyboard in Resources */,
				18A597BB19330C990068662E /* banner3.jpg in Resources */,
				1848AB37193C3F7B00230296 /* 3.jpg in Resources */,
				18A597B919330C990068662E /* banner1.jpg in Resources */,
				18A76226192F0F9E005DBA11 /* Images.xcassets in Resources */,
				18A597BC19330C990068662E /* banner4.jpg in Resources */,
				18A7621B192F0F9E005DBA11 /* Main_iPhone.storyboard in Resources */,
				18A597BA19330C990068662E /* banner2.jpg in Resources */,
				1848AB3D193C3F7B00230296 /* 9.jpg in Resources */,
				1848AB3A193C3F7B00230296 /* 6.jpg in Resources */,
				18A597BD19330C990068662E /* banner5.jpg in Resources */,
				1848AB3C193C3F7B00230296 /* 8.jpg in Resources */,
				1848AB3E193C3F7B00230296 /* 10.jpg in Resources */,
				1848AB3B193C3F7B00230296 /* 7.jpg in Resources */,
				18A76212192F0F9E005DBA11 /* InfoPlist.strings in Resources */,
				1848AB39193C3F7B00230296 /* 5.jpg in Resources */,
				1848AB35193C3F7B00230296 /* 1.jpg in Resources */,
				1848AB38193C3F7B00230296 /* 4.jpg in Resources */,
			);
			runOnlyForDeploymentPostprocessing = 0;
		};
		18A76229192F0F9E005DBA11 /* Resources */ = {
			isa = PBXResourcesBuildPhase;
			buildActionMask = 2147483647;
			files = (
				18A76237192F0F9E005DBA11 /* InfoPlist.strings in Resources */,
			);
			runOnlyForDeploymentPostprocessing = 0;
		};
/* End PBXResourcesBuildPhase section */

/* Begin PBXShellScriptBuildPhase section */
		3FDD7E12BB874649A8340687 /* Check Pods Manifest.lock */ = {
			isa = PBXShellScriptBuildPhase;
			buildActionMask = 2147483647;
			files = (
			);
			inputPaths = (
			);
			name = "Check Pods Manifest.lock";
			outputPaths = (
			);
			runOnlyForDeploymentPostprocessing = 0;
			shellPath = /bin/sh;
			shellScript = "diff \"${PODS_ROOT}/../Podfile.lock\" \"${PODS_ROOT}/Manifest.lock\" > /dev/null\nif [[ $? != 0 ]] ; then\n    cat << EOM\nerror: The sandbox is not in sync with the Podfile.lock. Run 'pod install' or update your CocoaPods installation.\nEOM\n    exit 1\nfi\n";
			showEnvVarsInLog = 0;
		};
		E5CCD9C7BB7D434786BFB7F8 /* Copy Pods Resources */ = {
			isa = PBXShellScriptBuildPhase;
			buildActionMask = 2147483647;
			files = (
			);
			inputPaths = (
			);
			name = "Copy Pods Resources";
			outputPaths = (
			);
			runOnlyForDeploymentPostprocessing = 0;
			shellPath = /bin/sh;
			shellScript = "\"${SRCROOT}/Pods/Pods-resources.sh\"\n";
			showEnvVarsInLog = 0;
		};
/* End PBXShellScriptBuildPhase section */

/* Begin PBXSourcesBuildPhase section */
		18A76200192F0F9E005DBA11 /* Sources */ = {
			isa = PBXSourcesBuildPhase;
			buildActionMask = 2147483647;
			files = (
				18AA434B193C344D009A7FC6 /* TMQuiltViewCell.m in Sources */,
				185A330C19371179003EF917 /* MyTableViewCell.m in Sources */,
				18A76218192F0F9E005DBA11 /* MySamplesAppDelegate.m in Sources */,
				185A3309193708AE003EF917 /* MyTableViewController.m in Sources */,
				18A76221192F0F9E005DBA11 /* MySamplesMasterViewController.m in Sources */,
				18AA434C193C344D009A7FC6 /* TMQuiltViewController.m in Sources */,
				1848AB2A193C3C6300230296 /* TMPhotoQuiltViewCell.m in Sources */,
				18A597C2193326C50068662E /* UIScrollView+TouchEvent.m in Sources */,
				18BF3B421935EAAA001AB8CF /* Utilities.m in Sources */,
				18A76214192F0F9E005DBA11 /* main.m in Sources */,
				18AA434A193C344D009A7FC6 /* TMQuiltView.m in Sources */,
				18A597C81933279F0068662E /* TickerView.m in Sources */,
				18A597C5193327230068662E /* TickerViewController.m in Sources */,
				18AA4350193C36A1009A7FC6 /* WaterFlowViewController.m in Sources */,
				18A7624B192F15F8005DBA11 /* ImageScrollViewController.m in Sources */,
				18A7624E192F17B4005DBA11 /* ImageScrollView.m in Sources */,
			);
			runOnlyForDeploymentPostprocessing = 0;
		};
		18A76227192F0F9E005DBA11 /* Sources */ = {
			isa = PBXSourcesBuildPhase;
			buildActionMask = 2147483647;
			files = (
				18A76239192F0F9E005DBA11 /* MySamplesTests.m in Sources */,
			);
			runOnlyForDeploymentPostprocessing = 0;
		};
/* End PBXSourcesBuildPhase section */

/* Begin PBXTargetDependency section */
		18A76231192F0F9E005DBA11 /* PBXTargetDependency */ = {
			isa = PBXTargetDependency;
			target = 18A76203192F0F9E005DBA11 /* MySamples */;
			targetProxy = 18A76230192F0F9E005DBA11 /* PBXContainerItemProxy */;
		};
/* End PBXTargetDependency section */

/* Begin PBXVariantGroup section */
		18A76210192F0F9E005DBA11 /* InfoPlist.strings */ = {
			isa = PBXVariantGroup;
			children = (
				18A76211192F0F9E005DBA11 /* en */,
			);
			name = InfoPlist.strings;
			sourceTree = "<group>";
		};
		18A76219192F0F9E005DBA11 /* Main_iPhone.storyboard */ = {
			isa = PBXVariantGroup;
			children = (
				18A7621A192F0F9E005DBA11 /* Base */,
			);
			name = Main_iPhone.storyboard;
			sourceTree = "<group>";
		};
		18A7621C192F0F9E005DBA11 /* Main_iPad.storyboard */ = {
			isa = PBXVariantGroup;
			children = (
				18A7621D192F0F9E005DBA11 /* Base */,
			);
			name = Main_iPad.storyboard;
			sourceTree = "<group>";
		};
		18A76235192F0F9E005DBA11 /* InfoPlist.strings */ = {
			isa = PBXVariantGroup;
			children = (
				18A76236192F0F9E005DBA11 /* en */,
			);
			name = InfoPlist.strings;
			sourceTree = "<group>";
		};
/* End PBXVariantGroup section */

/* Begin XCBuildConfiguration section */
		18A7623A192F0F9E005DBA11 /* Debug */ = {
			isa = XCBuildConfiguration;
			buildSettings = {
				ALWAYS_SEARCH_USER_PATHS = NO;
				CLANG_CXX_LANGUAGE_STANDARD = "gnu++0x";
				CLANG_CXX_LIBRARY = "libc++";
				CLANG_ENABLE_MODULES = YES;
				CLANG_ENABLE_OBJC_ARC = YES;
				CLANG_WARN_BOOL_CONVERSION = YES;
				CLANG_WARN_CONSTANT_CONVERSION = YES;
				CLANG_WARN_DIRECT_OBJC_ISA_USAGE = YES_ERROR;
				CLANG_WARN_EMPTY_BODY = YES;
				CLANG_WARN_ENUM_CONVERSION = YES;
				CLANG_WARN_INT_CONVERSION = YES;
				CLANG_WARN_OBJC_ROOT_CLASS = YES_ERROR;
				CLANG_WARN__DUPLICATE_METHOD_MATCH = YES;
				"CODE_SIGN_IDENTITY[sdk=iphoneos*]" = "iPhone Developer";
				COPY_PHASE_STRIP = NO;
				GCC_C_LANGUAGE_STANDARD = gnu99;
				GCC_DYNAMIC_NO_PIC = NO;
				GCC_OPTIMIZATION_LEVEL = 0;
				GCC_PREPROCESSOR_DEFINITIONS = (
					"DEBUG=1",
					"$(inherited)",
				);
				GCC_SYMBOLS_PRIVATE_EXTERN = NO;
				GCC_WARN_64_TO_32_BIT_CONVERSION = YES;
				GCC_WARN_ABOUT_RETURN_TYPE = YES_ERROR;
				GCC_WARN_UNDECLARED_SELECTOR = YES;
				GCC_WARN_UNINITIALIZED_AUTOS = YES_AGGRESSIVE;
				GCC_WARN_UNUSED_FUNCTION = YES;
				GCC_WARN_UNUSED_VARIABLE = YES;
				IPHONEOS_DEPLOYMENT_TARGET = 7.1;
				ONLY_ACTIVE_ARCH = YES;
				SDKROOT = iphoneos;
				TARGETED_DEVICE_FAMILY = "1,2";
			};
			name = Debug;
		};
		18A7623B192F0F9E005DBA11 /* Release */ = {
			isa = XCBuildConfiguration;
			buildSettings = {
				ALWAYS_SEARCH_USER_PATHS = NO;
				CLANG_CXX_LANGUAGE_STANDARD = "gnu++0x";
				CLANG_CXX_LIBRARY = "libc++";
				CLANG_ENABLE_MODULES = YES;
				CLANG_ENABLE_OBJC_ARC = YES;
				CLANG_WARN_BOOL_CONVERSION = YES;
				CLANG_WARN_CONSTANT_CONVERSION = YES;
				CLANG_WARN_DIRECT_OBJC_ISA_USAGE = YES_ERROR;
				CLANG_WARN_EMPTY_BODY = YES;
				CLANG_WARN_ENUM_CONVERSION = YES;
				CLANG_WARN_INT_CONVERSION = YES;
				CLANG_WARN_OBJC_ROOT_CLASS = YES_ERROR;
				CLANG_WARN__DUPLICATE_METHOD_MATCH = YES;
				"CODE_SIGN_IDENTITY[sdk=iphoneos*]" = "iPhone Developer";
				COPY_PHASE_STRIP = YES;
				ENABLE_NS_ASSERTIONS = NO;
				GCC_C_LANGUAGE_STANDARD = gnu99;
				GCC_WARN_64_TO_32_BIT_CONVERSION = YES;
				GCC_WARN_ABOUT_RETURN_TYPE = YES_ERROR;
				GCC_WARN_UNDECLARED_SELECTOR = YES;
				GCC_WARN_UNINITIALIZED_AUTOS = YES_AGGRESSIVE;
				GCC_WARN_UNUSED_FUNCTION = YES;
				GCC_WARN_UNUSED_VARIABLE = YES;
				IPHONEOS_DEPLOYMENT_TARGET = 7.1;
				SDKROOT = iphoneos;
				TARGETED_DEVICE_FAMILY = "1,2";
				VALIDATE_PRODUCT = YES;
			};
			name = Release;
		};
		18A7623D192F0F9E005DBA11 /* Debug */ = {
			isa = XCBuildConfiguration;
			baseConfigurationReference = 48B9D486AFCA429E8A70E6C3 /* Pods.xcconfig */;
			buildSettings = {
				ASSETCATALOG_COMPILER_APPICON_NAME = AppIcon;
				ASSETCATALOG_COMPILER_LAUNCHIMAGE_NAME = LaunchImage;
				GCC_PRECOMPILE_PREFIX_HEADER = YES;
				GCC_PREFIX_HEADER = "MySamples/MySamples-Prefix.pch";
				INFOPLIST_FILE = "MySamples/MySamples-Info.plist";
				PRODUCT_NAME = "$(TARGET_NAME)";
				WRAPPER_EXTENSION = app;
			};
			name = Debug;
		};
		18A7623E192F0F9E005DBA11 /* Release */ = {
			isa = XCBuildConfiguration;
			baseConfigurationReference = 48B9D486AFCA429E8A70E6C3 /* Pods.xcconfig */;
			buildSettings = {
				ASSETCATALOG_COMPILER_APPICON_NAME = AppIcon;
				ASSETCATALOG_COMPILER_LAUNCHIMAGE_NAME = LaunchImage;
				GCC_PRECOMPILE_PREFIX_HEADER = YES;
				GCC_PREFIX_HEADER = "MySamples/MySamples-Prefix.pch";
				INFOPLIST_FILE = "MySamples/MySamples-Info.plist";
				PRODUCT_NAME = "$(TARGET_NAME)";
				WRAPPER_EXTENSION = app;
			};
			name = Release;
		};
		18A76240192F0F9E005DBA11 /* Debug */ = {
			isa = XCBuildConfiguration;
			buildSettings = {
				BUNDLE_LOADER = "$(BUILT_PRODUCTS_DIR)/MySamples.app/MySamples";
				FRAMEWORK_SEARCH_PATHS = (
					"$(SDKROOT)/Developer/Library/Frameworks",
					"$(inherited)",
					"$(DEVELOPER_FRAMEWORKS_DIR)",
				);
				GCC_PRECOMPILE_PREFIX_HEADER = YES;
				GCC_PREFIX_HEADER = "MySamples/MySamples-Prefix.pch";
				GCC_PREPROCESSOR_DEFINITIONS = (
					"DEBUG=1",
					"$(inherited)",
				);
				INFOPLIST_FILE = "MySamplesTests/MySamplesTests-Info.plist";
				PRODUCT_NAME = "$(TARGET_NAME)";
				TEST_HOST = "$(BUNDLE_LOADER)";
				WRAPPER_EXTENSION = xctest;
			};
			name = Debug;
		};
		18A76241192F0F9E005DBA11 /* Release */ = {
			isa = XCBuildConfiguration;
			buildSettings = {
				BUNDLE_LOADER = "$(BUILT_PRODUCTS_DIR)/MySamples.app/MySamples";
				FRAMEWORK_SEARCH_PATHS = (
					"$(SDKROOT)/Developer/Library/Frameworks",
					"$(inherited)",
					"$(DEVELOPER_FRAMEWORKS_DIR)",
				);
				GCC_PRECOMPILE_PREFIX_HEADER = YES;
				GCC_PREFIX_HEADER = "MySamples/MySamples-Prefix.pch";
				INFOPLIST_FILE = "MySamplesTests/MySamplesTests-Info.plist";
				PRODUCT_NAME = "$(TARGET_NAME)";
				TEST_HOST = "$(BUNDLE_LOADER)";
				WRAPPER_EXTENSION = xctest;
			};
			name = Release;
		};
/* End XCBuildConfiguration section */

/* Begin XCConfigurationList section */
		18A761FF192F0F9E005DBA11 /* Build configuration list for PBXProject "MySamples" */ = {
			isa = XCConfigurationList;
			buildConfigurations = (
				18A7623A192F0F9E005DBA11 /* Debug */,
				18A7623B192F0F9E005DBA11 /* Release */,
			);
			defaultConfigurationIsVisible = 0;
			defaultConfigurationName = Release;
		};
		18A7623C192F0F9E005DBA11 /* Build configuration list for PBXNativeTarget "MySamples" */ = {
			isa = XCConfigurationList;
			buildConfigurations = (
				18A7623D192F0F9E005DBA11 /* Debug */,
				18A7623E192F0F9E005DBA11 /* Release */,
			);
			defaultConfigurationIsVisible = 0;
			defaultConfigurationName = Release;
		};
		18A7623F192F0F9E005DBA11 /* Build configuration list for PBXNativeTarget "MySamplesTests" */ = {
			isa = XCConfigurationList;
			buildConfigurations = (
				18A76240192F0F9E005DBA11 /* Debug */,
				18A76241192F0F9E005DBA11 /* Release */,
			);
			defaultConfigurationIsVisible = 0;
			defaultConfigurationName = Release;
		};
/* End XCConfigurationList section */
	};
	rootObject = 18A761FC192F0F9E005DBA11 /* Project object */;
}
